
Microsoft Visual Studio Solution File, Format Version 12.00
# Visual Studio Version 16
VisualStudioVersion = 16.0.29609.76
MinimumVisualStudioVersion = 10.0.40219.1
Project("{FAE04EC0-301F-11D3-BF4B-00C04F79EFBC}") = "EMailSender", "EMailSender\EMailSender.csproj", "{1374BA66-FA3A-40FB-AA7C-015A9E69E0EB}"
EndProject
Global
	GlobalSection(SolutionConfigurationPlatforms) = preSolution
		Debug|Any CPU = Debug|Any CPU
		Release|Any CPU = Release|Any CPU
	EndGlobalSection
	GlobalSection(ProjectConfigurationPlatforms) = postSolution
		{1374BA66-FA3A-40FB-AA7C-015A9E69E0EB}.Debug|Any CPU.ActiveCfg = Debug|Any CPU
		{1374BA66-FA3A-40FB-AA7C-015A9E69E0EB}.Debug|Any CPU.Build.0 = Debug|Any CPU
		{1374BA66-FA3A-40FB-AA7C-015A9E69E0EB}.Release|Any CPU.ActiveCfg = Release|Any CPU
		{1374BA66-FA3A-40FB-AA7C-015A9E69E0EB}.Release|Any CPU.Build.0 = Release|Any CPU
	EndGlobalSection
	GlobalSection(SolutionProperties) = preSolution
		HideSolutionNode = FALSE
	EndGlobalSection
	GlobalSection(ExtensibilityGlobals) = postSolution
		SolutionGuid = {06D69F22-99A8-4BCE-B7A3-50223561E914}
	EndGlobalSection
EndGlobal
